{
  "name": "yapi-plugin-gitlab-oauth2",
  "version": "1.0.0",
  "lockfileVersion": 1,
  "requires": true,
  "dependencies": {
    "boom": {
      "version": "7.3.0",
      "resolved": "http://registry.npm.taobao.org/boom/download/boom-7.3.0.tgz",
      "integrity": "sha1-czptlW0zsLGZnaP+bBKZaVDQF7k=",
      "dev": true,
      "requires": {
        "hoek": "6.x.x"
      },
      "dependencies": {
        "hoek": {
          "version": "6.1.2",
          "resolved": "http://registry.npm.taobao.org/hoek/download/hoek-6.1.2.tgz",
          "integrity": "sha1-mebQcFYYOd507kJ7YapHa9a939Y=",
          "dev": true
        }
      }
    },
    "date-fns": {
      "version": "1.29.0",
      "resolved": "http://registry.npm.taobao.org/date-fns/download/date-fns-1.29.0.tgz",
      "integrity": "sha1-EuYJzcuTUScxHQTTMzTilgoqVOY=",
      "dev": true
    },
    "debug": {
      "version": "3.2.6",
      "resolved": "http://registry.npm.taobao.org/debug/download/debug-3.2.6.tgz",
      "integrity": "sha1-6D0X3hbYp++3cX7b5fsQE17uYps=",
      "dev": true,
      "requires": {
        "ms": "^2.1.1"
      }
    },
    "hoek": {
      "version": "5.0.4",
      "resolved": "http://registry.npm.taobao.org/hoek/download/hoek-5.0.4.tgz",
      "integrity": "sha1-D3+icKHK/rNkpLLd+qM/hk5BV9o=",
      "dev": true
    },
    "isemail": {
      "version": "3.2.0",
      "resolved": "http://registry.npm.taobao.org/isemail/download/isemail-3.2.0.tgz",
      "integrity": "sha1-WTEKAhkxqfsGu7UeFVzgs/I2gyw=",
      "dev": true,
      "requires": {
        "punycode": "2.x.x"
      }
    },
    "joi": {
      "version": "13.7.0",
      "resolved": "http://registry.npm.taobao.org/joi/download/joi-13.7.0.tgz",
      "integrity": "sha1-z9hev+Z+ihkAQyQAtNA7vZP7h58=",
      "dev": true,
      "requires": {
        "hoek": "5.x.x",
        "isemail": "3.x.x",
        "topo": "3.x.x"
      }
    },
    "ms": {
      "version": "2.1.1",
      "resolved": "http://registry.npm.taobao.org/ms/download/ms-2.1.1.tgz",
      "integrity": "sha1-MKWGTrPrsKZvLr5tcnrwagnYbgo=",
      "dev": true
    },
    "punycode": {
      "version": "2.1.1",
      "resolved": "http://registry.npm.taobao.org/punycode/download/punycode-2.1.1.tgz",
      "integrity": "sha1-tYsBCsQMIsVldhbI0sLALHv0eew=",
      "dev": true
    },
    "simple-oauth2": {
      "version": "2.2.1",
      "resolved": "http://registry.npm.taobao.org/simple-oauth2/download/simple-oauth2-2.2.1.tgz",
      "integrity": "sha1-wdIBM9Cwh70BxuM+MaVtcO5RlNE=",
      "dev": true,
      "requires": {
        "date-fns": "^1.3.0",
        "debug": "^3.1.0",
        "joi": "^13.0.2",
        "wreck": "^14.0.2"
      }
    },
    "topo": {
      "version": "3.0.3",
      "resolved": "http://registry.npm.taobao.org/topo/download/topo-3.0.3.tgz",
      "integrity": "sha1-1aZ/suaTB+vusIQC7Coqb1962Vw=",
      "dev": true,
      "requires": {
        "hoek": "6.x.x"
      },
      "dependencies": {
        "hoek": {
          "version": "6.1.2",
          "resolved": "http://registry.npm.taobao.org/hoek/download/hoek-6.1.2.tgz",
          "integrity": "sha1-mebQcFYYOd507kJ7YapHa9a939Y=",
          "dev": true
        }
      }
    },
    "wreck": {
      "version": "14.1.3",
      "resolved": "http://registry.npm.taobao.org/wreck/download/wreck-14.1.3.tgz",
      "integrity": "sha1-1NuCWLOKVow2PvfSMDTE21mKkhM=",
      "dev": true,
      "requires": {
        "boom": "7.x.x",
        "hoek": "6.x.x"
      },
      "dependencies": {
        "hoek": {
          "version": "6.1.2",
          "resolved": "http://registry.npm.taobao.org/hoek/download/hoek-6.1.2.tgz",
          "integrity": "sha1-mebQcFYYOd507kJ7YapHa9a939Y=",
          "dev": true
        }
      }
    }
  }
}
